
Microsoft Visual Studio Solution File, Format Version 12.00
# Visual Studio Version 17
VisualStudioVersion = 17.4.33110.190
MinimumVisualStudioVersion = 10.0.40219.1
Project("{9A19103F-16F7-4668-BE54-9A1E7A4F7556}") = "chat-gpt-api", "chat-gpt-api\chat-gpt-api.csproj", "{CCD6A516-4AB6-4841-869D-564E86B595A1}"
EndProject
Global
	GlobalSection(SolutionConfigurationPlatforms) = preSolution
		Debug|Any CPU = Debug|Any CPU
		Release|Any CPU = Release|Any CPU
	EndGlobalSection
	GlobalSection(ProjectConfigurationPlatforms) = postSolution
		{CCD6A516-4AB6-4841-869D-564E86B595A1}.Debug|Any CPU.ActiveCfg = Debug|Any CPU
		{CCD6A516-4AB6-4841-869D-564E86B595A1}.Debug|Any CPU.Build.0 = Debug|Any CPU
		{CCD6A516-4AB6-4841-869D-564E86B595A1}.Release|Any CPU.ActiveCfg = Release|Any CPU
		{CCD6A516-4AB6-4841-869D-564E86B595A1}.Release|Any CPU.Build.0 = Release|Any CPU
	EndGlobalSection
	GlobalSection(SolutionProperties) = preSolution
		HideSolutionNode = FALSE
	EndGlobalSection
	GlobalSection(ExtensibilityGlobals) = postSolution
		SolutionGuid = {37785158-5829-4DEE-8416-9FA10271F2C6}
	EndGlobalSection
EndGlobal
